
Microsoft Visual Studio Solution File, Format Version 12.00
# Visual Studio Version 17
VisualStudioVersion = 17.7.34221.43
MinimumVisualStudioVersion = 10.0.40219.1
Project("{FAE04EC0-301F-11D3-BF4B-00C04F79EFBC}") = "super duper random software", "super duper random software\super duper random software.csproj", "{AD8E10D2-6727-44A2-AA1C-42947638A625}"
EndProject
Global
	GlobalSection(SolutionConfigurationPlatforms) = preSolution
		Debug|Any CPU = Debug|Any CPU
		Release|Any CPU = Release|Any CPU
	EndGlobalSection
	GlobalSection(ProjectConfigurationPlatforms) = postSolution
		{AD8E10D2-6727-44A2-AA1C-42947638A625}.Debug|Any CPU.ActiveCfg = Debug|Any CPU
		{AD8E10D2-6727-44A2-AA1C-42947638A625}.Debug|Any CPU.Build.0 = Debug|Any CPU
		{AD8E10D2-6727-44A2-AA1C-42947638A625}.Release|Any CPU.ActiveCfg = Release|Any CPU
		{AD8E10D2-6727-44A2-AA1C-42947638A625}.Release|Any CPU.Build.0 = Release|Any CPU
	EndGlobalSection
	GlobalSection(SolutionProperties) = preSolution
		HideSolutionNode = FALSE
	EndGlobalSection
	GlobalSection(ExtensibilityGlobals) = postSolution
		SolutionGuid = {25940976-076D-47BB-A46E-27967C30D086}
	EndGlobalSection
EndGlobal
